
Microsoft Visual Studio Solution File, Format Version 12.00
# Visual Studio 15
VisualStudioVersion = 15.0.28307.421
MinimumVisualStudioVersion = 10.0.40219.1
Project("{FAE04EC0-301F-11D3-BF4B-00C04F79EFBC}") = "Client", "Client\Client.csproj", "{70177C8A-CA01-43C9-9A4C-AA836435BDE7}"
EndProject
Project("{FAE04EC0-301F-11D3-BF4B-00C04F79EFBC}") = "Exercise.Api.Host", "Exercise.Api.Host\Exercise.Api.Host.csproj", "{F46A71AB-C633-437C-84A7-D00345982E28}"
EndProject
Global
	GlobalSection(SolutionConfigurationPlatforms) = preSolution
		Debug|Any CPU = Debug|Any CPU
		Release|Any CPU = Release|Any CPU
	EndGlobalSection
	GlobalSection(ProjectConfigurationPlatforms) = postSolution
		{70177C8A-CA01-43C9-9A4C-AA836435BDE7}.Debug|Any CPU.ActiveCfg = Debug|Any CPU
		{70177C8A-CA01-43C9-9A4C-AA836435BDE7}.Debug|Any CPU.Build.0 = Debug|Any CPU
		{70177C8A-CA01-43C9-9A4C-AA836435BDE7}.Release|Any CPU.ActiveCfg = Release|Any CPU
		{70177C8A-CA01-43C9-9A4C-AA836435BDE7}.Release|Any CPU.Build.0 = Release|Any CPU
		{F46A71AB-C633-437C-84A7-D00345982E28}.Debug|Any CPU.ActiveCfg = Debug|Any CPU
		{F46A71AB-C633-437C-84A7-D00345982E28}.Debug|Any CPU.Build.0 = Debug|Any CPU
		{F46A71AB-C633-437C-84A7-D00345982E28}.Release|Any CPU.ActiveCfg = Release|Any CPU
		{F46A71AB-C633-437C-84A7-D00345982E28}.Release|Any CPU.Build.0 = Release|Any CPU
	EndGlobalSection
	GlobalSection(SolutionProperties) = preSolution
		HideSolutionNode = FALSE
	EndGlobalSection
	GlobalSection(ExtensibilityGlobals) = postSolution
		SolutionGuid = {A9C4F491-AB50-44B4-B92C-C3DF3290A488}
	EndGlobalSection
EndGlobal
